
Microsoft Visual Studio Solution File, Format Version 12.00
# Visual Studio 2015
Project("{FAE04EC0-301F-11D3-BF4B-00C04F79EFBC}") = "DoorofSoul.Client.CSharp.Plugins", "DoorofSoul.Client.CSharp.Plugins.csproj", "{BA23617C-B8FD-8904-022F-1026E9CC6C2E}"
EndProject
Project("{FAE04EC0-301F-11D3-BF4B-00C04F79EFBC}") = "DoorofSoul.Client.CSharp", "DoorofSoul.Client.CSharp.csproj", "{F0242B79-61DB-D2E0-BCA2-B8E26CB4898B}"
EndProject
Project("{FAE04EC0-301F-11D3-BF4B-00C04F79EFBC}") = "DoorofSoul.Client.CSharp.Editor", "DoorofSoul.Client.CSharp.Editor.csproj", "{9A867134-BEBC-0EC5-88C1-39EFE58E5C66}"
EndProject
Global
	GlobalSection(SolutionConfigurationPlatforms) = preSolution
		Debug|Any CPU = Debug|Any CPU
		Release|Any CPU = Release|Any CPU
	EndGlobalSection
	GlobalSection(ProjectConfigurationPlatforms) = postSolution
		{BA23617C-B8FD-8904-022F-1026E9CC6C2E}.Debug|Any CPU.ActiveCfg = Debug|Any CPU
		{BA23617C-B8FD-8904-022F-1026E9CC6C2E}.Debug|Any CPU.Build.0 = Debug|Any CPU
		{BA23617C-B8FD-8904-022F-1026E9CC6C2E}.Release|Any CPU.ActiveCfg = Release|Any CPU
		{BA23617C-B8FD-8904-022F-1026E9CC6C2E}.Release|Any CPU.Build.0 = Release|Any CPU
		{F0242B79-61DB-D2E0-BCA2-B8E26CB4898B}.Debug|Any CPU.ActiveCfg = Debug|Any CPU
		{F0242B79-61DB-D2E0-BCA2-B8E26CB4898B}.Debug|Any CPU.Build.0 = Debug|Any CPU
		{F0242B79-61DB-D2E0-BCA2-B8E26CB4898B}.Release|Any CPU.ActiveCfg = Release|Any CPU
		{F0242B79-61DB-D2E0-BCA2-B8E26CB4898B}.Release|Any CPU.Build.0 = Release|Any CPU
		{9A867134-BEBC-0EC5-88C1-39EFE58E5C66}.Debug|Any CPU.ActiveCfg = Debug|Any CPU
		{9A867134-BEBC-0EC5-88C1-39EFE58E5C66}.Debug|Any CPU.Build.0 = Debug|Any CPU
		{9A867134-BEBC-0EC5-88C1-39EFE58E5C66}.Release|Any CPU.ActiveCfg = Release|Any CPU
		{9A867134-BEBC-0EC5-88C1-39EFE58E5C66}.Release|Any CPU.Build.0 = Release|Any CPU
	EndGlobalSection
	GlobalSection(SolutionProperties) = preSolution
		HideSolutionNode = FALSE
	EndGlobalSection
EndGlobal
